
Microsoft Visual Studio Solution File, Format Version 12.00
# Visual Studio Version 17
VisualStudioVersion = 17.7.34024.191
MinimumVisualStudioVersion = 10.0.40219.1
Project("{2150E333-8FDC-42A3-9474-1A3956D46DE8}") = "Core", "Core", "{3B08AE99-594F-421E-9493-3E6AAC5BD7CD}"
EndProject
Project("{FAE04EC0-301F-11D3-BF4B-00C04F79EFBC}") = "ETrade.Domain", "Core\ETrade.Domain\ETrade.Domain.csproj", "{72090EB5-22DC-4E3F-8D08-76B353E6B37F}"
EndProject
Project("{FAE04EC0-301F-11D3-BF4B-00C04F79EFBC}") = "ETrade.Application", "Core\ETrade.Application\ETrade.Application.csproj", "{3D9CB497-EC8E-452E-BBBA-2A98B8003732}"
EndProject
Project("{2150E333-8FDC-42A3-9474-1A3956D46DE8}") = "Infrastructure", "Infrastructure", "{6F1C524C-003E-4FB9-B64E-1DAAD63A8EA3}"
EndProject
Project("{FAE04EC0-301F-11D3-BF4B-00C04F79EFBC}") = "ETrade.Infrastructure", "Infrastructure\ETrade.Infrastructure\ETrade.Infrastructure.csproj", "{0C65DC40-C455-40F8-87DE-37ED237E0F81}"
EndProject
Project("{FAE04EC0-301F-11D3-BF4B-00C04F79EFBC}") = "ETrade.Persistance", "Infrastructure\ETrade.Persistance\ETrade.Persistance.csproj", "{ABF72ED9-F97E-435A-9ED2-6E3C1116C85B}"
EndProject
Project("{2150E333-8FDC-42A3-9474-1A3956D46DE8}") = "Presentation", "Presentation", "{1047B13A-EA59-411C-BEDC-393AAD2A5B16}"
EndProject
Project("{FAE04EC0-301F-11D3-BF4B-00C04F79EFBC}") = "ETrade.API", "Presentation\ETrade.API\ETrade.API.csproj", "{671EA2DA-B019-470A-95F2-CCD6F2C12ADE}"
EndProject
Global
	GlobalSection(SolutionConfigurationPlatforms) = preSolution
		Debug|Any CPU = Debug|Any CPU
		Release|Any CPU = Release|Any CPU
	EndGlobalSection
	GlobalSection(ProjectConfigurationPlatforms) = postSolution
		{72090EB5-22DC-4E3F-8D08-76B353E6B37F}.Debug|Any CPU.ActiveCfg = Debug|Any CPU
		{72090EB5-22DC-4E3F-8D08-76B353E6B37F}.Debug|Any CPU.Build.0 = Debug|Any CPU
		{72090EB5-22DC-4E3F-8D08-76B353E6B37F}.Release|Any CPU.ActiveCfg = Release|Any CPU
		{72090EB5-22DC-4E3F-8D08-76B353E6B37F}.Release|Any CPU.Build.0 = Release|Any CPU
		{3D9CB497-EC8E-452E-BBBA-2A98B8003732}.Debug|Any CPU.ActiveCfg = Debug|Any CPU
		{3D9CB497-EC8E-452E-BBBA-2A98B8003732}.Debug|Any CPU.Build.0 = Debug|Any CPU
		{3D9CB497-EC8E-452E-BBBA-2A98B8003732}.Release|Any CPU.ActiveCfg = Release|Any CPU
		{3D9CB497-EC8E-452E-BBBA-2A98B8003732}.Release|Any CPU.Build.0 = Release|Any CPU
		{0C65DC40-C455-40F8-87DE-37ED237E0F81}.Debug|Any CPU.ActiveCfg = Debug|Any CPU
		{0C65DC40-C455-40F8-87DE-37ED237E0F81}.Debug|Any CPU.Build.0 = Debug|Any CPU
		{0C65DC40-C455-40F8-87DE-37ED237E0F81}.Release|Any CPU.ActiveCfg = Release|Any CPU
		{0C65DC40-C455-40F8-87DE-37ED237E0F81}.Release|Any CPU.Build.0 = Release|Any CPU
		{ABF72ED9-F97E-435A-9ED2-6E3C1116C85B}.Debug|Any CPU.ActiveCfg = Debug|Any CPU
		{ABF72ED9-F97E-435A-9ED2-6E3C1116C85B}.Debug|Any CPU.Build.0 = Debug|Any CPU
		{ABF72ED9-F97E-435A-9ED2-6E3C1116C85B}.Release|Any CPU.ActiveCfg = Release|Any CPU
		{ABF72ED9-F97E-435A-9ED2-6E3C1116C85B}.Release|Any CPU.Build.0 = Release|Any CPU
		{671EA2DA-B019-470A-95F2-CCD6F2C12ADE}.Debug|Any CPU.ActiveCfg = Debug|Any CPU
		{671EA2DA-B019-470A-95F2-CCD6F2C12ADE}.Debug|Any CPU.Build.0 = Debug|Any CPU
		{671EA2DA-B019-470A-95F2-CCD6F2C12ADE}.Release|Any CPU.ActiveCfg = Release|Any CPU
		{671EA2DA-B019-470A-95F2-CCD6F2C12ADE}.Release|Any CPU.Build.0 = Release|Any CPU
	EndGlobalSection
	GlobalSection(SolutionProperties) = preSolution
		HideSolutionNode = FALSE
	EndGlobalSection
	GlobalSection(NestedProjects) = preSolution
		{72090EB5-22DC-4E3F-8D08-76B353E6B37F} = {3B08AE99-594F-421E-9493-3E6AAC5BD7CD}
		{3D9CB497-EC8E-452E-BBBA-2A98B8003732} = {3B08AE99-594F-421E-9493-3E6AAC5BD7CD}
		{0C65DC40-C455-40F8-87DE-37ED237E0F81} = {6F1C524C-003E-4FB9-B64E-1DAAD63A8EA3}
		{ABF72ED9-F97E-435A-9ED2-6E3C1116C85B} = {6F1C524C-003E-4FB9-B64E-1DAAD63A8EA3}
		{671EA2DA-B019-470A-95F2-CCD6F2C12ADE} = {1047B13A-EA59-411C-BEDC-393AAD2A5B16}
	EndGlobalSection
	GlobalSection(ExtensibilityGlobals) = postSolution
		SolutionGuid = {B4E399B4-8235-47AF-A2F7-C8C5FDB76F1F}
	EndGlobalSection
EndGlobal
